
Microsoft Visual Studio Solution File, Format Version 12.00
# Visual Studio 15
VisualStudioVersion = 15.0.28010.2003
MinimumVisualStudioVersion = 10.0.40219.1
Project("{8BC9CEB8-8B4A-11D0-8D11-00A0C91BC942}") = "chapter04", "chapter04.vcxproj", "{416772CC-CE7C-4102-BFA6-92B8694A580C}"
EndProject
Global
	GlobalSection(SolutionConfigurationPlatforms) = preSolution
		Debug|x64 = Debug|x64
		Debug|x86 = Debug|x86
		Release|x64 = Release|x64
		Release|x86 = Release|x86
	EndGlobalSection
	GlobalSection(ProjectConfigurationPlatforms) = postSolution
		{416772CC-CE7C-4102-BFA6-92B8694A580C}.Debug|x64.ActiveCfg = Debug|x64
		{416772CC-CE7C-4102-BFA6-92B8694A580C}.Debug|x64.Build.0 = Debug|x64
		{416772CC-CE7C-4102-BFA6-92B8694A580C}.Debug|x86.ActiveCfg = Debug|Win32
		{416772CC-CE7C-4102-BFA6-92B8694A580C}.Debug|x86.Build.0 = Debug|Win32
		{416772CC-CE7C-4102-BFA6-92B8694A580C}.Release|x64.ActiveCfg = Release|x64
		{416772CC-CE7C-4102-BFA6-92B8694A580C}.Release|x64.Build.0 = Release|x64
		{416772CC-CE7C-4102-BFA6-92B8694A580C}.Release|x86.ActiveCfg = Release|Win32
		{416772CC-CE7C-4102-BFA6-92B8694A580C}.Release|x86.Build.0 = Release|Win32
	EndGlobalSection
	GlobalSection(SolutionProperties) = preSolution
		HideSolutionNode = FALSE
	EndGlobalSection
	GlobalSection(ExtensibilityGlobals) = postSolution
		SolutionGuid = {81BAEDD5-C77E-4AE3-B908-D40B83178E98}
	EndGlobalSection
EndGlobal
